
Microsoft Visual Studio Solution File, Format Version 12.00
# Visual Studio Version 17
VisualStudioVersion = 17.2.32516.85
MinimumVisualStudioVersion = 10.0.40219.1
Project("{9A19103F-16F7-4668-BE54-9A1E7A4F7556}") = "CompararValores", "CompararValores\CompararValores.csproj", "{60B3894D-277F-4072-B446-907942C42CFE}"
EndProject
Project("{9A19103F-16F7-4668-BE54-9A1E7A4F7556}") = "ClosedXML", "ClosedXML\ClosedXML.csproj", "{4DE2C24B-1F96-45B2-86CC-521C94A881DC}"
EndProject
Global
	GlobalSection(SolutionConfigurationPlatforms) = preSolution
		Debug|Any CPU = Debug|Any CPU
		Release|Any CPU = Release|Any CPU
	EndGlobalSection
	GlobalSection(ProjectConfigurationPlatforms) = postSolution
		{60B3894D-277F-4072-B446-907942C42CFE}.Debug|Any CPU.ActiveCfg = Debug|Any CPU
		{60B3894D-277F-4072-B446-907942C42CFE}.Debug|Any CPU.Build.0 = Debug|Any CPU
		{60B3894D-277F-4072-B446-907942C42CFE}.Release|Any CPU.ActiveCfg = Release|Any CPU
		{60B3894D-277F-4072-B446-907942C42CFE}.Release|Any CPU.Build.0 = Release|Any CPU
		{4DE2C24B-1F96-45B2-86CC-521C94A881DC}.Debug|Any CPU.ActiveCfg = Debug|Any CPU
		{4DE2C24B-1F96-45B2-86CC-521C94A881DC}.Debug|Any CPU.Build.0 = Debug|Any CPU
		{4DE2C24B-1F96-45B2-86CC-521C94A881DC}.Release|Any CPU.ActiveCfg = Release|Any CPU
		{4DE2C24B-1F96-45B2-86CC-521C94A881DC}.Release|Any CPU.Build.0 = Release|Any CPU
	EndGlobalSection
	GlobalSection(SolutionProperties) = preSolution
		HideSolutionNode = FALSE
	EndGlobalSection
	GlobalSection(ExtensibilityGlobals) = postSolution
		SolutionGuid = {2930857E-E9A6-4FE2-8BE6-8C7E8A70A2A1}
	EndGlobalSection
EndGlobal
